// !$*UTF8*$!
{
	archiveVersion = 1;
	classes = {
	};
	objectVersion = 46;
	objects = {

/* Begin PBXBuildFile section */
		3D74EB3119CD291D00FEFD3B /* AppDelegate.swift in Sources */ = {isa = PBXBuildFile; fileRef = 3D74EB3019CD291D00FEFD3B /* AppDelegate.swift */; };
		3D74EB3319CD291D00FEFD3B /* ViewController.swift in Sources */ = {isa = PBXBuildFile; fileRef = 3D74EB3219CD291D00FEFD3B /* ViewController.swift */; };
		3D74EB3619CD291D00FEFD3B /* Main.storyboard in Resources */ = {isa = PBXBuildFile; fileRef = 3D74EB3419CD291D00FEFD3B /* Main.storyboard */; };
		3D74EB3819CD291D00FEFD3B /* Images.xcassets in Resources */ = {isa = PBXBuildFile; fileRef = 3D74EB3719CD291D00FEFD3B /* Images.xcassets */; };
		3D74EB4419CD291D00FEFD3B /* MyFirstAppTests.swift in Sources */ = {isa = PBXBuildFile; fileRef = 3D74EB4319CD291D00FEFD3B /* MyFirstAppTests.swift */; };
/* End PBXBuildFile section */

/* Begin PBXContainerItemProxy section */
		3D74EB3E19CD291D00FEFD3B /* PBXContainerItemProxy */ = {
			isa = PBXContainerItemProxy;
			containerPortal = 3D74EB2319CD291C00FEFD3B /* Project object */;
			proxyType = 1;
			remoteGlobalIDString = 3D74EB2A19CD291C00FEFD3B;
			remoteInfo = MyFirstApp;
		};
/* End PBXContainerItemProxy section */

/* Begin PBXFileReference section */
		3D74EB2B19CD291D00FEFD3B /* MyFirstApp.app */ = {isa = PBXFileReference; explicitFileType = wrapper.application; includeInIndex = 0; path = MyFirstApp.app; sourceTree = BUILT_PRODUCTS_DIR; };
		3D74EB2F19CD291D00FEFD3B /* Info.plist */ = {isa = PBXFileReference; lastKnownFileType = text.plist.xml; path = Info.plist; sourceTree = "<group>"; };
		3D74EB3019CD291D00FEFD3B /* AppDelegate.swift */ = {isa = PBXFileReference; lastKnownFileType = sourcecode.swift; path = AppDelegate.swift; sourceTree = "<group>"; };
		3D74EB3219CD291D00FEFD3B /* ViewController.swift */ = {isa = PBXFileReference; lastKnownFileType = sourcecode.swift; path = ViewController.swift; sourceTree = "<group>"; };
		3D74EB3519CD291D00FEFD3B /* Base */ = {isa = PBXFileReference; lastKnownFileType = file.storyboard; name = Base; path = Base.lproj/Main.storyboard; sourceTree = "<group>"; };
		3D74EB3719CD291D00FEFD3B /* Images.xcassets */ = {isa = PBXFileReference; lastKnownFileType = folder.assetcatalog; path = Images.xcassets; sourceTree = "<group>"; };
		3D74EB3D19CD291D00FEFD3B /* MyFirstAppTests.xctest */ = {isa = PBXFileReference; explicitFileType = wrapper.cfbundle; includeInIndex = 0; path = MyFirstAppTests.xctest; sourceTree = BUILT_PRODUCTS_DIR; };
		3D74EB4219CD291D00FEFD3B /* Info.plist */ = {isa = PBXFileReference; lastKnownFileType = text.plist.xml; path = Info.plist; sourceTree = "<group>"; };
		3D74EB4319CD291D00FEFD3B /* MyFirstAppTests.swift */ = {isa = PBXFileReference; lastKnownFileType = sourcecode.swift; path = MyFirstAppTests.swift; sourceTree = "<group>"; };
/* End PBXFileReference section */

/* Begin PBXFrameworksBuildPhase section */
		3D74EB2819CD291C00FEFD3B /* Frameworks */ = {
			isa = PBXFrameworksBuildPhase;
			buildActionMask = 2147483647;
			files = (
			);
			runOnlyForDeploymentPostprocessing = 0;
		};
		3D74EB3A19CD291D00FEFD3B /* Frameworks */ = {
			isa = PBXFrameworksBuildPhase;
			buildActionMask = 2147483647;
			files = (
			);
			runOnlyForDeploymentPostprocessing = 0;
		};
/* End PBXFrameworksBuildPhase section */

/* Begin PBXGroup section */
		3D74EB2219CD291C00FEFD3B = {
			isa = PBXGroup;
			children = (
				3D74EB2D19CD291D00FEFD3B /* MyFirstApp */,
				3D74EB4019CD291D00FEFD3B /* MyFirstAppTests */,
				3D74EB2C19CD291D00FEFD3B /* Products */,
			);
			sourceTree = "<group>";
		};
		3D74EB2C19CD291D00FEFD3B /* Products */ = {
			isa = PBXGroup;
			children = (
				3D74EB2B19CD291D00FEFD3B /* MyFirstApp.app */,
				3D74EB3D19CD291D00FEFD3B /* MyFirstAppTests.xctest */,
			);
			name = Products;
			sourceTree = "<group>";
		};
		3D74EB2D19CD291D00FEFD3B /* MyFirstApp */ = {
			isa = PBXGroup;
			children = (
				3D74EB3019CD291D00FEFD3B /* AppDelegate.swift */,
				3D74EB3219CD291D00FEFD3B /* ViewController.swift */,
				3D74EB3419CD291D00FEFD3B /* Main.storyboard */,
				3D74EB3719CD291D00FEFD3B /* Images.xcassets */,
				3D74EB2E19CD291D00FEFD3B /* Supporting Files */,
			);
			path = MyFirstApp;
			sourceTree = "<group>";
		};
		3D74EB2E19CD291D00FEFD3B /* Supporting Files */ = {
			isa = PBXGroup;
			children = (
				3D74EB2F19CD291D00FEFD3B /* Info.plist */,
			);
			name = "Supporting Files";
			sourceTree = "<group>";
		};
		3D74EB4019CD291D00FEFD3B /* MyFirstAppTests */ = {
			isa = PBXGroup;
			children = (
				3D74EB4319CD291D00FEFD3B /* MyFirstAppTests.swift */,
				3D74EB4119CD291D00FEFD3B /* Supporting Files */,
			);
			path = MyFirstAppTests;
			sourceTree = "<group>";
		};
		3D74EB4119CD291D00FEFD3B /* Supporting Files */ = {
			isa = PBXGroup;
			children = (
				3D74EB4219CD291D00FEFD3B /* Info.plist */,
			);
			name = "Supporting Files";
			sourceTree = "<group>";
		};
/* End PBXGroup section */

/* Begin PBXNativeTarget section */
		3D74EB2A19CD291C00FEFD3B /* MyFirstApp */ = {
			isa = PBXNativeTarget;
			buildConfigurationList = 3D74EB4719CD291D00FEFD3B /* Build configuration list for PBXNativeTarget "MyFirstApp" */;
			buildPhases = (
				3D74EB2719CD291C00FEFD3B /* Sources */,
				3D74EB2819CD291C00FEFD3B /* Frameworks */,
				3D74EB2919CD291C00FEFD3B /* Resources */,
			);
			buildRules = (
			);
			dependencies = (
			);
			name = MyFirstApp;
			productName = MyFirstApp;
			productReference = 3D74EB2B19CD291D00FEFD3B /* MyFirstApp.app */;
			productType = "com.apple.product-type.application";
		};
		3D74EB3C19CD291D00FEFD3B /* MyFirstAppTests */ = {
			isa = PBXNativeTarget;
			buildConfigurationList = 3D74EB4A19CD291D00FEFD3B /* Build configuration list for PBXNativeTarget "MyFirstAppTests" */;
			buildPhases = (
				3D74EB3919CD291D00FEFD3B /* Sources */,
				3D74EB3A19CD291D00FEFD3B /* Frameworks */,
				3D74EB3B19CD291D00FEFD3B /* Resources */,
			);
			buildRules = (
			);
			dependencies = (
				3D74EB3F19CD291D00FEFD3B /* PBXTargetDependency */,
			);
			name = MyFirstAppTests;
			productName = MyFirstAppTests;
			productReference = 3D74EB3D19CD291D00FEFD3B /* MyFirstAppTests.xctest */;
			productType = "com.apple.product-type.bundle.unit-test";
		};
/* End PBXNativeTarget section */

/* Begin PBXProject section */
		3D74EB2319CD291C00FEFD3B /* Project object */ = {
			isa = PBXProject;
			attributes = {
				LastUpgradeCheck = 0600;
				ORGANIZATIONNAME = "Phùng Hoàng Bắc";
				TargetAttributes = {
					3D74EB2A19CD291C00FEFD3B = {
						CreatedOnToolsVersion = 6.0;
					};
					3D74EB3C19CD291D00FEFD3B = {
						CreatedOnToolsVersion = 6.0;
						TestTargetID = 3D74EB2A19CD291C00FEFD3B;
					};
				};
			};
			buildConfigurationList = 3D74EB2619CD291C00FEFD3B /* Build configuration list for PBXProject "MyFirstApp" */;
			compatibilityVersion = "Xcode 3.2";
			developmentRegion = English;
			hasScannedForEncodings = 0;
			knownRegions = (
				en,
				Base,
			);
			mainGroup = 3D74EB2219CD291C00FEFD3B;
			productRefGroup = 3D74EB2C19CD291D00FEFD3B /* Products */;
			projectDirPath = "";
			projectRoot = "";
			targets = (
				3D74EB2A19CD291C00FEFD3B /* MyFirstApp */,
				3D74EB3C19CD291D00FEFD3B /* MyFirstAppTests */,
			);
		};
/* End PBXProject section */

/* Begin PBXResourcesBuildPhase section */
		3D74EB2919CD291C00FEFD3B /* Resources */ = {
			isa = PBXResourcesBuildPhase;
			buildActionMask = 2147483647;
			files = (
				3D74EB3619CD291D00FEFD3B /* Main.storyboard in Resources */,
				3D74EB3819CD291D00FEFD3B /* Images.xcassets in Resources */,
			);
			runOnlyForDeploymentPostprocessing = 0;
		};
		3D74EB3B19CD291D00FEFD3B /* Resources */ = {
			isa = PBXResourcesBuildPhase;
			buildActionMask = 2147483647;
			files = (
			);
			runOnlyForDeploymentPostprocessing = 0;
		};
/* End PBXResourcesBuildPhase section */

/* Begin PBXSourcesBuildPhase section */
		3D74EB2719CD291C00FEFD3B /* Sources */ = {
			isa = PBXSourcesBuildPhase;
			buildActionMask = 2147483647;
			files = (
				3D74EB3319CD291D00FEFD3B /* ViewController.swift in Sources */,
				3D74EB3119CD291D00FEFD3B /* AppDelegate.swift in Sources */,
			);
			runOnlyForDeploymentPostprocessing = 0;
		};
		3D74EB3919CD291D00FEFD3B /* Sources */ = {
			isa = PBXSourcesBuildPhase;
			buildActionMask = 2147483647;
			files = (
				3D74EB4419CD291D00FEFD3B /* MyFirstAppTests.swift in Sources */,
			);
			runOnlyForDeploymentPostprocessing = 0;
		};
/* End PBXSourcesBuildPhase section */

/* Begin PBXTargetDependency section */
		3D74EB3F19CD291D00FEFD3B /* PBXTargetDependency */ = {
			isa = PBXTargetDependency;
			target = 3D74EB2A19CD291C00FEFD3B /* MyFirstApp */;
			targetProxy = 3D74EB3E19CD291D00FEFD3B /* PBXContainerItemProxy */;
		};
/* End PBXTargetDependency section */

/* Begin PBXVariantGroup section */
		3D74EB3419CD291D00FEFD3B /* Main.storyboard */ = {
			isa = PBXVariantGroup;
			children = (
				3D74EB3519CD291D00FEFD3B /* Base */,
			);
			name = Main.storyboard;
			sourceTree = "<group>";
		};
/* End PBXVariantGroup section */

/* Begin XCBuildConfiguration section */
		3D74EB4519CD291D00FEFD3B /* Debug */ = {
			isa = XCBuildConfiguration;
			buildSettings = {
				ALWAYS_SEARCH_USER_PATHS = NO;
				CLANG_CXX_LANGUAGE_STANDARD = "gnu++0x";
				CLANG_CXX_LIBRARY = "libc++";
				CLANG_ENABLE_MODULES = YES;
				CLANG_ENABLE_OBJC_ARC = YES;
				CLANG_WARN_BOOL_CONVERSION = YES;
				CLANG_WARN_CONSTANT_CONVERSION = YES;
				CLANG_WARN_DIRECT_OBJC_ISA_USAGE = YES_ERROR;
				CLANG_WARN_EMPTY_BODY = YES;
				CLANG_WARN_ENUM_CONVERSION = YES;
				CLANG_WARN_INT_CONVERSION = YES;
				CLANG_WARN_OBJC_ROOT_CLASS = YES_ERROR;
				CLANG_WARN_UNREACHABLE_CODE = YES;
				CLANG_WARN__DUPLICATE_METHOD_MATCH = YES;
				"CODE_SIGN_IDENTITY[sdk=iphoneos*]" = "iPhone Developer";
				COPY_PHASE_STRIP = NO;
				ENABLE_STRICT_OBJC_MSGSEND = YES;
				GCC_C_LANGUAGE_STANDARD = gnu99;
				GCC_DYNAMIC_NO_PIC = NO;
				GCC_OPTIMIZATION_LEVEL = 0;
				GCC_PREPROCESSOR_DEFINITIONS = (
					"DEBUG=1",
					"$(inherited)",
				);
				GCC_SYMBOLS_PRIVATE_EXTERN = NO;
				GCC_WARN_64_TO_32_BIT_CONVERSION = YES;
				GCC_WARN_ABOUT_RETURN_TYPE = YES_ERROR;
				GCC_WARN_UNDECLARED_SELECTOR = YES;
				GCC_WARN_UNINITIALIZED_AUTOS = YES_AGGRESSIVE;
				GCC_WARN_UNUSED_FUNCTION = YES;
				GCC_WARN_UNUSED_VARIABLE = YES;
				IPHONEOS_DEPLOYMENT_TARGET = 8.0;
				MTL_ENABLE_DEBUG_INFO = YES;
				ONLY_ACTIVE_ARCH = YES;
				SDKROOT = iphoneos;
				SWIFT_OPTIMIZATION_LEVEL = "-Onone";
				TARGETED_DEVICE_FAMILY = "1,2";
			};
			name = Debug;
		};
		3D74EB4619CD291D00FEFD3B /* Release */ = {
			isa = XCBuildConfiguration;
			buildSettings = {
				ALWAYS_SEARCH_USER_PATHS = NO;
				CLANG_CXX_LANGUAGE_STANDARD = "gnu++0x";
				CLANG_CXX_LIBRARY = "libc++";
				CLANG_ENABLE_MODULES = YES;
				CLANG_ENABLE_OBJC_ARC = YES;
				CLANG_WARN_BOOL_CONVERSION = YES;
				CLANG_WARN_CONSTANT_CONVERSION = YES;
				CLANG_WARN_DIRECT_OBJC_ISA_USAGE = YES_ERROR;
				CLANG_WARN_EMPTY_BODY = YES;
				CLANG_WARN_ENUM_CONVERSION = YES;
				CLANG_WARN_INT_CONVERSION = YES;
				CLANG_WARN_OBJC_ROOT_CLASS = YES_ERROR;
				CLANG_WARN_UNREACHABLE_CODE = YES;
				CLANG_WARN__DUPLICATE_METHOD_MATCH = YES;
				"CODE_SIGN_IDENTITY[sdk=iphoneos*]" = "iPhone Developer";
				COPY_PHASE_STRIP = YES;
				ENABLE_NS_ASSERTIONS = NO;
				ENABLE_STRICT_OBJC_MSGSEND = YES;
				GCC_C_LANGUAGE_STANDARD = gnu99;
				GCC_WARN_64_TO_32_BIT_CONVERSION = YES;
				GCC_WARN_ABOUT_RETURN_TYPE = YES_ERROR;
				GCC_WARN_UNDECLARED_SELECTOR = YES;
				GCC_WARN_UNINITIALIZED_AUTOS = YES_AGGRESSIVE;
				GCC_WARN_UNUSED_FUNCTION = YES;
				GCC_WARN_UNUSED_VARIABLE = YES;
				IPHONEOS_DEPLOYMENT_TARGET = 8.0;
				MTL_ENABLE_DEBUG_INFO = NO;
				SDKROOT = iphoneos;
				TARGETED_DEVICE_FAMILY = "1,2";
				VALIDATE_PRODUCT = YES;
			};
			name = Release;
		};
		3D74EB4819CD291D00FEFD3B /* Debug */ = {
			isa = XCBuildConfiguration;
			buildSettings = {
				ASSETCATALOG_COMPILER_APPICON_NAME = AppIcon;
				ASSETCATALOG_COMPILER_LAUNCHIMAGE_NAME = LaunchImage;
				INFOPLIST_FILE = MyFirstApp/Info.plist;
				LD_RUNPATH_SEARCH_PATHS = "$(inherited) @executable_path/Frameworks";
				PRODUCT_NAME = "$(TARGET_NAME)";
			};
			name = Debug;
		};
		3D74EB4919CD291D00FEFD3B /* Release */ = {
			isa = XCBuildConfiguration;
			buildSettings = {
				ASSETCATALOG_COMPILER_APPICON_NAME = AppIcon;
				ASSETCATALOG_COMPILER_LAUNCHIMAGE_NAME = LaunchImage;
				INFOPLIST_FILE = MyFirstApp/Info.plist;
				LD_RUNPATH_SEARCH_PATHS = "$(inherited) @executable_path/Frameworks";
				PRODUCT_NAME = "$(TARGET_NAME)";
			};
			name = Release;
		};
		3D74EB4B19CD291D00FEFD3B /* Debug */ = {
			isa = XCBuildConfiguration;
			buildSettings = {
				BUNDLE_LOADER = "$(TEST_HOST)";
				FRAMEWORK_SEARCH_PATHS = (
					"$(SDKROOT)/Developer/Library/Frameworks",
					"$(inherited)",
				);
				GCC_PREPROCESSOR_DEFINITIONS = (
					"DEBUG=1",
					"$(inherited)",
				);
				INFOPLIST_FILE = MyFirstAppTests/Info.plist;
				LD_RUNPATH_SEARCH_PATHS = "$(inherited) @executable_path/Frameworks @loader_path/Frameworks";
				PRODUCT_NAME = "$(TARGET_NAME)";
				TEST_HOST = "$(BUILT_PRODUCTS_DIR)/MyFirstApp.app/MyFirstApp";
			};
			name = Debug;
		};
		3D74EB4C19CD291D00FEFD3B /* Release */ = {
			isa = XCBuildConfiguration;
			buildSettings = {
				BUNDLE_LOADER = "$(TEST_HOST)";
				FRAMEWORK_SEARCH_PATHS = (
					"$(SDKROOT)/Developer/Library/Frameworks",
					"$(inherited)",
				);
				INFOPLIST_FILE = MyFirstAppTests/Info.plist;
				LD_RUNPATH_SEARCH_PATHS = "$(inherited) @executable_path/Frameworks @loader_path/Frameworks";
				PRODUCT_NAME = "$(TARGET_NAME)";
				TEST_HOST = "$(BUILT_PRODUCTS_DIR)/MyFirstApp.app/MyFirstApp";
			};
			name = Release;
		};
/* End XCBuildConfiguration section */

/* Begin XCConfigurationList section */
		3D74EB2619CD291C00FEFD3B /* Build configuration list for PBXProject "MyFirstApp" */ = {
			isa = XCConfigurationList;
			buildConfigurations = (
				3D74EB4519CD291D00FEFD3B /* Debug */,
				3D74EB4619CD291D00FEFD3B /* Release */,
			);
			defaultConfigurationIsVisible = 0;
			defaultConfigurationName = Release;
		};
		3D74EB4719CD291D00FEFD3B /* Build configuration list for PBXNativeTarget "MyFirstApp" */ = {
			isa = XCConfigurationList;
			buildConfigurations = (
				3D74EB4819CD291D00FEFD3B /* Debug */,
				3D74EB4919CD291D00FEFD3B /* Release */,
			);
			defaultConfigurationIsVisible = 0;
			defaultConfigurationName = Release;
		};
		3D74EB4A19CD291D00FEFD3B /* Build configuration list for PBXNativeTarget "MyFirstAppTests" */ = {
			isa = XCConfigurationList;
			buildConfigurations = (
				3D74EB4B19CD291D00FEFD3B /* Debug */,
				3D74EB4C19CD291D00FEFD3B /* Release */,
			);
			defaultConfigurationIsVisible = 0;
			defaultConfigurationName = Release;
		};
/* End XCConfigurationList section */
	};
	rootObject = 3D74EB2319CD291C00FEFD3B /* Project object */;
}
